
Microsoft Visual Studio Solution File, Format Version 12.00
# Visual Studio Version 16
VisualStudioVersion = 16.0.29709.97
MinimumVisualStudioVersion = 10.0.40219.1
Project("{FAE04EC0-301F-11D3-BF4B-00C04F79EFBC}") = "liste_opgave_nicklas", "liste_opgave_nicklas\liste_opgave_nicklas.csproj", "{AD98A960-F820-4BAE-AC81-04173A93A50D}"
EndProject
Global
	GlobalSection(SolutionConfigurationPlatforms) = preSolution
		Debug|Any CPU = Debug|Any CPU
		Release|Any CPU = Release|Any CPU
	EndGlobalSection
	GlobalSection(ProjectConfigurationPlatforms) = postSolution
		{AD98A960-F820-4BAE-AC81-04173A93A50D}.Debug|Any CPU.ActiveCfg = Debug|Any CPU
		{AD98A960-F820-4BAE-AC81-04173A93A50D}.Debug|Any CPU.Build.0 = Debug|Any CPU
		{AD98A960-F820-4BAE-AC81-04173A93A50D}.Release|Any CPU.ActiveCfg = Release|Any CPU
		{AD98A960-F820-4BAE-AC81-04173A93A50D}.Release|Any CPU.Build.0 = Release|Any CPU
	EndGlobalSection
	GlobalSection(SolutionProperties) = preSolution
		HideSolutionNode = FALSE
	EndGlobalSection
	GlobalSection(ExtensibilityGlobals) = postSolution
		SolutionGuid = {C35E6D29-5014-4F27-970A-EC059135F071}
	EndGlobalSection
EndGlobal
